
Microsoft Visual Studio Solution File, Format Version 12.00
# Visual Studio Version 16
VisualStudioVersion = 16.0.28803.202
MinimumVisualStudioVersion = 10.0.40219.1
Project("{FAE04EC0-301F-11D3-BF4B-00C04F79EFBC}") = "DotNetProject", "DotNetProject\DotNetProject.csproj", "{40C4D85B-8784-4EED-9838-46B9F300A84C}"
EndProject
Global
	GlobalSection(SolutionConfigurationPlatforms) = preSolution
		Debug|Any CPU = Debug|Any CPU
		Release|Any CPU = Release|Any CPU
	EndGlobalSection
	GlobalSection(ProjectConfigurationPlatforms) = postSolution
		{40C4D85B-8784-4EED-9838-46B9F300A84C}.Debug|Any CPU.ActiveCfg = Debug|Any CPU
		{40C4D85B-8784-4EED-9838-46B9F300A84C}.Debug|Any CPU.Build.0 = Debug|Any CPU
		{40C4D85B-8784-4EED-9838-46B9F300A84C}.Release|Any CPU.ActiveCfg = Release|Any CPU
		{40C4D85B-8784-4EED-9838-46B9F300A84C}.Release|Any CPU.Build.0 = Release|Any CPU
	EndGlobalSection
	GlobalSection(SolutionProperties) = preSolution
		HideSolutionNode = FALSE
	EndGlobalSection
	GlobalSection(ExtensibilityGlobals) = postSolution
		SolutionGuid = {268E8DE3-B686-4A4F-B3A8-BE84C221F6C6}
	EndGlobalSection
EndGlobal
